
Microsoft Visual Studio Solution File, Format Version 12.00
# Visual Studio 15
VisualStudioVersion = 15.0.27428.2015
MinimumVisualStudioVersion = 10.0.40219.1
Project("{9A19103F-16F7-4668-BE54-9A1E7A4F7556}") = "Common", "Common\Common.csproj", "{37BE8B5F-7201-4AEF-8233-2B01FA0EBF13}"
EndProject
Project("{2150E333-8FDC-42A3-9474-1A3956D46DE8}") = "stream", "stream", "{0F47FD8A-986E-4E92-BAE2-72F1302DC105}"
EndProject
Project("{9A19103F-16F7-4668-BE54-9A1E7A4F7556}") = "StreamClient", "StreamClient\StreamClient.csproj", "{3C7B8677-F4C8-414C-AA15-CE322360FF7E}"
EndProject
Project("{9A19103F-16F7-4668-BE54-9A1E7A4F7556}") = "StreamServer", "StreamServer\StreamServer.csproj", "{E56E91A5-1A6A-46BB-8C19-12696162CFBE}"
EndProject
Global
	GlobalSection(SolutionConfigurationPlatforms) = preSolution
		Debug|Any CPU = Debug|Any CPU
		Release|Any CPU = Release|Any CPU
	EndGlobalSection
	GlobalSection(ProjectConfigurationPlatforms) = postSolution
		{37BE8B5F-7201-4AEF-8233-2B01FA0EBF13}.Debug|Any CPU.ActiveCfg = Debug|Any CPU
		{37BE8B5F-7201-4AEF-8233-2B01FA0EBF13}.Debug|Any CPU.Build.0 = Debug|Any CPU
		{37BE8B5F-7201-4AEF-8233-2B01FA0EBF13}.Release|Any CPU.ActiveCfg = Release|Any CPU
		{37BE8B5F-7201-4AEF-8233-2B01FA0EBF13}.Release|Any CPU.Build.0 = Release|Any CPU
		{3C7B8677-F4C8-414C-AA15-CE322360FF7E}.Debug|Any CPU.ActiveCfg = Debug|Any CPU
		{3C7B8677-F4C8-414C-AA15-CE322360FF7E}.Debug|Any CPU.Build.0 = Debug|Any CPU
		{3C7B8677-F4C8-414C-AA15-CE322360FF7E}.Release|Any CPU.ActiveCfg = Release|Any CPU
		{3C7B8677-F4C8-414C-AA15-CE322360FF7E}.Release|Any CPU.Build.0 = Release|Any CPU
		{E56E91A5-1A6A-46BB-8C19-12696162CFBE}.Debug|Any CPU.ActiveCfg = Debug|Any CPU
		{E56E91A5-1A6A-46BB-8C19-12696162CFBE}.Debug|Any CPU.Build.0 = Debug|Any CPU
		{E56E91A5-1A6A-46BB-8C19-12696162CFBE}.Release|Any CPU.ActiveCfg = Release|Any CPU
		{E56E91A5-1A6A-46BB-8C19-12696162CFBE}.Release|Any CPU.Build.0 = Release|Any CPU
	EndGlobalSection
	GlobalSection(SolutionProperties) = preSolution
		HideSolutionNode = FALSE
	EndGlobalSection
	GlobalSection(NestedProjects) = preSolution
		{3C7B8677-F4C8-414C-AA15-CE322360FF7E} = {0F47FD8A-986E-4E92-BAE2-72F1302DC105}
		{E56E91A5-1A6A-46BB-8C19-12696162CFBE} = {0F47FD8A-986E-4E92-BAE2-72F1302DC105}
	EndGlobalSection
	GlobalSection(ExtensibilityGlobals) = postSolution
		SolutionGuid = {280133E0-761C-4D9E-B39C-752EE1441027}
	EndGlobalSection
EndGlobal
